// !$*UTF8*$!
{
	archiveVersion = 1;
	classes = {
	};
	objectVersion = 46;
	objects = {

/* Begin PBXBuildFile section */
		9F09091F1D2C08850052FB58 /* AppDelegate.swift in Sources */ = {isa = PBXBuildFile; fileRef = 9F09091E1D2C08850052FB58 /* AppDelegate.swift */; };
		9F0909211D2C08850052FB58 /* AutopilotViewController.swift in Sources */ = {isa = PBXBuildFile; fileRef = 9F0909201D2C08850052FB58 /* AutopilotViewController.swift */; };
		9F0909241D2C08850052FB58 /* Main.storyboard in Resources */ = {isa = PBXBuildFile; fileRef = 9F0909221D2C08850052FB58 /* Main.storyboard */; };
		9F0909261D2C08850052FB58 /* Assets.xcassets in Resources */ = {isa = PBXBuildFile; fileRef = 9F0909251D2C08850052FB58 /* Assets.xcassets */; };
		9F0909291D2C08860052FB58 /* LaunchScreen.storyboard in Resources */ = {isa = PBXBuildFile; fileRef = 9F0909271D2C08860052FB58 /* LaunchScreen.storyboard */; };
		9F09093F1D2FE5BE0052FB58 /* BaseLink.swift in Sources */ = {isa = PBXBuildFile; fileRef = 9F09093E1D2FE5BE0052FB58 /* BaseLink.swift */; };
		9F0909481D2FEF670052FB58 /* VideoProcessing.swift in Sources */ = {isa = PBXBuildFile; fileRef = 9F0909471D2FEF670052FB58 /* VideoProcessing.swift */; };
		9F09094B1D2FF2B50052FB58 /* PositionColor.fsh in Resources */ = {isa = PBXBuildFile; fileRef = 9F0909491D2FF2B50052FB58 /* PositionColor.fsh */; };
		9F09094C1D2FF2B50052FB58 /* ThresholdShader.fsh in Resources */ = {isa = PBXBuildFile; fileRef = 9F09094A1D2FF2B50052FB58 /* ThresholdShader.fsh */; };
		9F3BBEE61D4F492C00F618D2 /* VideoOverlay.swift in Sources */ = {isa = PBXBuildFile; fileRef = 9F3BBEE51D4F492C00F618D2 /* VideoOverlay.swift */; };
		9F3BBEE91D4F737B00F618D2 /* Optics.swift in Sources */ = {isa = PBXBuildFile; fileRef = 9F3BBEE81D4F737B00F618D2 /* Optics.swift */; };
		9F7AAB041D50CB9B0027EF3E /* ControlView.xib in Resources */ = {isa = PBXBuildFile; fileRef = 9F7AAB031D50CB9B0027EF3E /* ControlView.xib */; };
		9F7AAB071D50CD8A0027EF3E /* ControlView.swift in Sources */ = {isa = PBXBuildFile; fileRef = 9F7AAB061D50CD8A0027EF3E /* ControlView.swift */; };
		9FA7779A1D786E0D00C9E1F5 /* DifferenceThreshold.fsh in Resources */ = {isa = PBXBuildFile; fileRef = 9FA777991D786E0D00C9E1F5 /* DifferenceThreshold.fsh */; };
		9FA7779C1D7876D500C9E1F5 /* ColorTresholdShader.fsh in Resources */ = {isa = PBXBuildFile; fileRef = 9FA7779B1D7876D500C9E1F5 /* ColorTresholdShader.fsh */; };
		9FA7779E1D78C34F00C9E1F5 /* Accelerate.framework in Frameworks */ = {isa = PBXBuildFile; fileRef = 9FA7779D1D78C34E00C9E1F5 /* Accelerate.framework */; };
		9FAFE9D71D40C48E00BC5024 /* IMG_0459.MOV in Resources */ = {isa = PBXBuildFile; fileRef = 9FAFE9D61D40C48E00BC5024 /* IMG_0459.MOV */; };
		9FAFE9DB1D40CEE700BC5024 /* KiteRemotePageViewController.swift in Sources */ = {isa = PBXBuildFile; fileRef = 9FAFE9DA1D40CEE700BC5024 /* KiteRemotePageViewController.swift */; };
		9FAFE9DD1D40D3F100BC5024 /* ManualViewController.swift in Sources */ = {isa = PBXBuildFile; fileRef = 9FAFE9DC1D40D3F100BC5024 /* ManualViewController.swift */; };
		9FB63C491D89462A00902563 /* GPUImage.framework in Frameworks */ = {isa = PBXBuildFile; fileRef = 9FB63C441D8945B000902563 /* GPUImage.framework */; };
		9FB63C4B1D89465400902563 /* GPUImage.framework in Copy Files */ = {isa = PBXBuildFile; fileRef = 9FB63C441D8945B000902563 /* GPUImage.framework */; settings = {ATTRIBUTES = (CodeSignOnCopy, RemoveHeadersOnCopy, ); }; };
		9FB63C651D8954F500902563 /* Starscream.framework in Frameworks */ = {isa = PBXBuildFile; fileRef = 9FB63C561D894CBD00902563 /* Starscream.framework */; };
		9FB63C661D8954F500902563 /* Starscream.framework in Embed Frameworks */ = {isa = PBXBuildFile; fileRef = 9FB63C561D894CBD00902563 /* Starscream.framework */; settings = {ATTRIBUTES = (CodeSignOnCopy, RemoveHeadersOnCopy, ); }; };
		9FB63C691D89571400902563 /* Starscream.framework in Copy Files */ = {isa = PBXBuildFile; fileRef = 9FB63C561D894CBD00902563 /* Starscream.framework */; settings = {ATTRIBUTES = (CodeSignOnCopy, RemoveHeadersOnCopy, ); }; };
		9FD3CBF71D87232C00DD9FFB /* VideoAuxiliary.swift in Sources */ = {isa = PBXBuildFile; fileRef = 9FD3CBF61D87232C00DD9FFB /* VideoAuxiliary.swift */; };
/* End PBXBuildFile section */

/* Begin PBXContainerItemProxy section */
		9FB63C431D8945B000902563 /* PBXContainerItemProxy */ = {
			isa = PBXContainerItemProxy;
			containerPortal = 9FB63C3E1D8945B000902563 /* GPUImage-iOS.xcodeproj */;
			proxyType = 2;
			remoteGlobalIDString = BCD1B1251C66A262001F2BDC;
			remoteInfo = GPUImage;
		};
		9FB63C451D8945B000902563 /* PBXContainerItemProxy */ = {
			isa = PBXContainerItemProxy;
			containerPortal = 9FB63C3E1D8945B000902563 /* GPUImage-iOS.xcodeproj */;
			proxyType = 2;
			remoteGlobalIDString = BCD1B12F1C66A262001F2BDC;
			remoteInfo = GPUImageTests;
		};
		9FB63C471D89461C00902563 /* PBXContainerItemProxy */ = {
			isa = PBXContainerItemProxy;
			containerPortal = 9FB63C3E1D8945B000902563 /* GPUImage-iOS.xcodeproj */;
			proxyType = 1;
			remoteGlobalIDString = BCD1B1241C66A262001F2BDC;
			remoteInfo = GPUImage;
		};
		9FB63C551D894CBD00902563 /* PBXContainerItemProxy */ = {
			isa = PBXContainerItemProxy;
			containerPortal = 9FB63C4C1D894CBD00902563 /* Starscream.xcodeproj */;
			proxyType = 2;
			remoteGlobalIDString = 6B3E79E619D48B7F006071F7;
			remoteInfo = "Starscream iOS";
		};
		9FB63C571D894CBD00902563 /* PBXContainerItemProxy */ = {
			isa = PBXContainerItemProxy;
			containerPortal = 9FB63C4C1D894CBD00902563 /* Starscream.xcodeproj */;
			proxyType = 2;
			remoteGlobalIDString = 6B3E79F119D48B7F006071F7;
			remoteInfo = "Starscream iOSTests";
		};
		9FB63C591D894CBD00902563 /* PBXContainerItemProxy */ = {
			isa = PBXContainerItemProxy;
			containerPortal = 9FB63C4C1D894CBD00902563 /* Starscream.xcodeproj */;
			proxyType = 2;
			remoteGlobalIDString = D9C3E35F19E48FF1009FC285;
			remoteInfo = "Starscream OSX";
		};
		9FB63C5B1D894CBD00902563 /* PBXContainerItemProxy */ = {
			isa = PBXContainerItemProxy;
			containerPortal = 9FB63C4C1D894CBD00902563 /* Starscream.xcodeproj */;
			proxyType = 2;
			remoteGlobalIDString = D9C3E36919E48FF1009FC285;
			remoteInfo = "Starscream OSXTests";
		};
		9FB63C5D1D894CBD00902563 /* PBXContainerItemProxy */ = {
			isa = PBXContainerItemProxy;
			containerPortal = 9FB63C4C1D894CBD00902563 /* Starscream.xcodeproj */;
			proxyType = 2;
			remoteGlobalIDString = 091277971BD673A70003036D;
			remoteInfo = "Starscream tvOS";
		};
		9FB63C5F1D894CBD00902563 /* PBXContainerItemProxy */ = {
			isa = PBXContainerItemProxy;
			containerPortal = 9FB63C4C1D894CBD00902563 /* Starscream.xcodeproj */;
			proxyType = 2;
			remoteGlobalIDString = 091277A01BD673A70003036D;
			remoteInfo = "Starscream tvOSTests";
		};
		9FB63C611D894D3600902563 /* PBXContainerItemProxy */ = {
			isa = PBXContainerItemProxy;
			containerPortal = 9FB63C4C1D894CBD00902563 /* Starscream.xcodeproj */;
			proxyType = 1;
			remoteGlobalIDString = 6B3E79E519D48B7F006071F7;
			remoteInfo = "Starscream iOS";
		};
		9FB63C671D8954F500902563 /* PBXContainerItemProxy */ = {
			isa = PBXContainerItemProxy;
			containerPortal = 9FB63C4C1D894CBD00902563 /* Starscream.xcodeproj */;
			proxyType = 1;
			remoteGlobalIDString = 6B3E79E519D48B7F006071F7;
			remoteInfo = "Starscream iOS";
		};
/* End PBXContainerItemProxy section */

/* Begin PBXCopyFilesBuildPhase section */
		9F0909461D2FEA5D0052FB58 /* Embed Frameworks */ = {
			isa = PBXCopyFilesBuildPhase;
			buildActionMask = 2147483647;
			dstPath = "";
			dstSubfolderSpec = 10;
			files = (
				9FB63C661D8954F500902563 /* Starscream.framework in Embed Frameworks */,
			);
			name = "Embed Frameworks";
			runOnlyForDeploymentPostprocessing = 0;
		};
		9FB63C4A1D89464100902563 /* Copy Files */ = {
			isa = PBXCopyFilesBuildPhase;
			buildActionMask = 2147483647;
			dstPath = "";
			dstSubfolderSpec = 10;
			files = (
				9FB63C691D89571400902563 /* Starscream.framework in Copy Files */,
				9FB63C4B1D89465400902563 /* GPUImage.framework in Copy Files */,
			);
			name = "Copy Files";
			runOnlyForDeploymentPostprocessing = 0;
		};
/* End PBXCopyFilesBuildPhase section */

/* Begin PBXFileReference section */
		9F09091B1D2C08850052FB58 /* KiteRemote.app */ = {isa = PBXFileReference; explicitFileType = wrapper.application; includeInIndex = 0; path = KiteRemote.app; sourceTree = BUILT_PRODUCTS_DIR; };
		9F09091E1D2C08850052FB58 /* AppDelegate.swift */ = {isa = PBXFileReference; lastKnownFileType = sourcecode.swift; path = AppDelegate.swift; sourceTree = "<group>"; };
		9F0909201D2C08850052FB58 /* AutopilotViewController.swift */ = {isa = PBXFileReference; lastKnownFileType = sourcecode.swift; path = AutopilotViewController.swift; sourceTree = "<group>"; };
		9F0909231D2C08850052FB58 /* Base */ = {isa = PBXFileReference; lastKnownFileType = file.storyboard; name = Base; path = Base.lproj/Main.storyboard; sourceTree = "<group>"; };
		9F0909251D2C08850052FB58 /* Assets.xcassets */ = {isa = PBXFileReference; lastKnownFileType = folder.assetcatalog; path = Assets.xcassets; sourceTree = "<group>"; };
		9F0909281D2C08860052FB58 /* Base */ = {isa = PBXFileReference; lastKnownFileType = file.storyboard; name = Base; path = Base.lproj/LaunchScreen.storyboard; sourceTree = "<group>"; };
		9F09092A1D2C08860052FB58 /* Info.plist */ = {isa = PBXFileReference; lastKnownFileType = text.plist.xml; path = Info.plist; sourceTree = "<group>"; };
		9F09093E1D2FE5BE0052FB58 /* BaseLink.swift */ = {isa = PBXFileReference; fileEncoding = 4; lastKnownFileType = sourcecode.swift; path = BaseLink.swift; sourceTree = "<group>"; };
		9F0909471D2FEF670052FB58 /* VideoProcessing.swift */ = {isa = PBXFileReference; fileEncoding = 4; lastKnownFileType = sourcecode.swift; path = VideoProcessing.swift; sourceTree = "<group>"; };
		9F0909491D2FF2B50052FB58 /* PositionColor.fsh */ = {isa = PBXFileReference; fileEncoding = 4; lastKnownFileType = sourcecode.glsl; path = PositionColor.fsh; sourceTree = "<group>"; };
		9F09094A1D2FF2B50052FB58 /* ThresholdShader.fsh */ = {isa = PBXFileReference; fileEncoding = 4; lastKnownFileType = sourcecode.glsl; path = ThresholdShader.fsh; sourceTree = "<group>"; };
		9F3BBEE51D4F492C00F618D2 /* VideoOverlay.swift */ = {isa = PBXFileReference; fileEncoding = 4; lastKnownFileType = sourcecode.swift; path = VideoOverlay.swift; sourceTree = "<group>"; };
		9F3BBEE81D4F737B00F618D2 /* Optics.swift */ = {isa = PBXFileReference; fileEncoding = 4; lastKnownFileType = sourcecode.swift; path = Optics.swift; sourceTree = "<group>"; };
		9F7AAB031D50CB9B0027EF3E /* ControlView.xib */ = {isa = PBXFileReference; fileEncoding = 4; lastKnownFileType = file.xib; path = ControlView.xib; sourceTree = "<group>"; };
		9F7AAB061D50CD8A0027EF3E /* ControlView.swift */ = {isa = PBXFileReference; fileEncoding = 4; lastKnownFileType = sourcecode.swift; path = ControlView.swift; sourceTree = "<group>"; };
		9FA777991D786E0D00C9E1F5 /* DifferenceThreshold.fsh */ = {isa = PBXFileReference; fileEncoding = 4; lastKnownFileType = sourcecode.glsl; path = DifferenceThreshold.fsh; sourceTree = "<group>"; };
		9FA7779B1D7876D500C9E1F5 /* ColorTresholdShader.fsh */ = {isa = PBXFileReference; fileEncoding = 4; lastKnownFileType = sourcecode.glsl; path = ColorTresholdShader.fsh; sourceTree = "<group>"; };
		9FA7779D1D78C34E00C9E1F5 /* Accelerate.framework */ = {isa = PBXFileReference; lastKnownFileType = wrapper.framework; name = Accelerate.framework; path = System/Library/Frameworks/Accelerate.framework; sourceTree = SDKROOT; };
		9FAFE9D61D40C48E00BC5024 /* IMG_0459.MOV */ = {isa = PBXFileReference; lastKnownFileType = video.quicktime; path = IMG_0459.MOV; sourceTree = "<group>"; };
		9FAFE9DA1D40CEE700BC5024 /* KiteRemotePageViewController.swift */ = {isa = PBXFileReference; fileEncoding = 4; lastKnownFileType = sourcecode.swift; path = KiteRemotePageViewController.swift; sourceTree = "<group>"; };
		9FAFE9DC1D40D3F100BC5024 /* ManualViewController.swift */ = {isa = PBXFileReference; fileEncoding = 4; lastKnownFileType = sourcecode.swift; path = ManualViewController.swift; sourceTree = "<group>"; };
		9FB63C3E1D8945B000902563 /* GPUImage-iOS.xcodeproj */ = {isa = PBXFileReference; lastKnownFileType = "wrapper.pb-project"; name = "GPUImage-iOS.xcodeproj"; path = "GPUImage2/framework/GPUImage-iOS.xcodeproj"; sourceTree = "<group>"; };
		9FB63C4C1D894CBD00902563 /* Starscream.xcodeproj */ = {isa = PBXFileReference; lastKnownFileType = "wrapper.pb-project"; name = Starscream.xcodeproj; path = Starscream/Starscream.xcodeproj; sourceTree = "<group>"; };
		9FD3CBF61D87232C00DD9FFB /* VideoAuxiliary.swift */ = {isa = PBXFileReference; fileEncoding = 4; lastKnownFileType = sourcecode.swift; path = VideoAuxiliary.swift; sourceTree = "<group>"; };
/* End PBXFileReference section */

/* Begin PBXFrameworksBuildPhase section */
		9F0909181D2C08850052FB58 /* Frameworks */ = {
			isa = PBXFrameworksBuildPhase;
			buildActionMask = 2147483647;
			files = (
				9FB63C651D8954F500902563 /* Starscream.framework in Frameworks */,
				9FB63C491D89462A00902563 /* GPUImage.framework in Frameworks */,
				9FA7779E1D78C34F00C9E1F5 /* Accelerate.framework in Frameworks */,
			);
			runOnlyForDeploymentPostprocessing = 0;
		};
/* End PBXFrameworksBuildPhase section */

/* Begin PBXGroup section */
		9F0909121D2C08850052FB58 = {
			isa = PBXGroup;
			children = (
				9FB63C4C1D894CBD00902563 /* Starscream.xcodeproj */,
				9FB63C3E1D8945B000902563 /* GPUImage-iOS.xcodeproj */,
				9FA7779D1D78C34E00C9E1F5 /* Accelerate.framework */,
				9F09091D1D2C08850052FB58 /* KiteRemote */,
				9F09091C1D2C08850052FB58 /* Products */,
			);
			sourceTree = "<group>";
		};
		9F09091C1D2C08850052FB58 /* Products */ = {
			isa = PBXGroup;
			children = (
				9F09091B1D2C08850052FB58 /* KiteRemote.app */,
			);
			name = Products;
			sourceTree = "<group>";
		};
		9F09091D1D2C08850052FB58 /* KiteRemote */ = {
			isa = PBXGroup;
			children = (
				9FAFE9D91D40C49600BC5024 /* Movies */,
				9F09094D1D2FF2BC0052FB58 /* Shaders */,
				9F09091E1D2C08850052FB58 /* AppDelegate.swift */,
				9F0909201D2C08850052FB58 /* AutopilotViewController.swift */,
				9F7AAB061D50CD8A0027EF3E /* ControlView.swift */,
				9F7AAB031D50CB9B0027EF3E /* ControlView.xib */,
				9FAFE9DC1D40D3F100BC5024 /* ManualViewController.swift */,
				9F0909221D2C08850052FB58 /* Main.storyboard */,
				9FAFE9DA1D40CEE700BC5024 /* KiteRemotePageViewController.swift */,
				9F0909251D2C08850052FB58 /* Assets.xcassets */,
				9F0909271D2C08860052FB58 /* LaunchScreen.storyboard */,
				9F09092A1D2C08860052FB58 /* Info.plist */,
				9F09093E1D2FE5BE0052FB58 /* BaseLink.swift */,
				9F0909471D2FEF670052FB58 /* VideoProcessing.swift */,
				9F3BBEE51D4F492C00F618D2 /* VideoOverlay.swift */,
				9F3BBEE81D4F737B00F618D2 /* Optics.swift */,
				9FD3CBF61D87232C00DD9FFB /* VideoAuxiliary.swift */,
			);
			path = KiteRemote;
			sourceTree = "<group>";
		};
		9F09094D1D2FF2BC0052FB58 /* Shaders */ = {
			isa = PBXGroup;
			children = (
				9F0909491D2FF2B50052FB58 /* PositionColor.fsh */,
				9F09094A1D2FF2B50052FB58 /* ThresholdShader.fsh */,
				9FA777991D786E0D00C9E1F5 /* DifferenceThreshold.fsh */,
				9FA7779B1D7876D500C9E1F5 /* ColorTresholdShader.fsh */,
			);
			name = Shaders;
			sourceTree = "<group>";
		};
		9FAFE9D91D40C49600BC5024 /* Movies */ = {
			isa = PBXGroup;
			children = (
				9FAFE9D61D40C48E00BC5024 /* IMG_0459.MOV */,
			);
			name = Movies;
			sourceTree = "<group>";
		};
		9FB63C3F1D8945B000902563 /* Products */ = {
			isa = PBXGroup;
			children = (
				9FB63C441D8945B000902563 /* GPUImage.framework */,
				9FB63C461D8945B000902563 /* GPUImageTests.xctest */,
			);
			name = Products;
			sourceTree = "<group>";
		};
		9FB63C4D1D894CBD00902563 /* Products */ = {
			isa = PBXGroup;
			children = (
				9FB63C561D894CBD00902563 /* Starscream.framework */,
				9FB63C581D894CBD00902563 /* Starscream iOSTests.xctest */,
				9FB63C5A1D894CBD00902563 /* Starscream.framework */,
				9FB63C5C1D894CBD00902563 /* Starscream OSXTests.xctest */,
				9FB63C5E1D894CBD00902563 /* Starscream.framework */,
				9FB63C601D894CBD00902563 /* Starscream tvOSTests.xctest */,
			);
			name = Products;
			sourceTree = "<group>";
		};
/* End PBXGroup section */

/* Begin PBXNativeTarget section */
		9F09091A1D2C08850052FB58 /* KiteRemote */ = {
			isa = PBXNativeTarget;
			buildConfigurationList = 9F09092D1D2C08860052FB58 /* Build configuration list for PBXNativeTarget "KiteRemote" */;
			buildPhases = (
				9F0909171D2C08850052FB58 /* Sources */,
				9F0909181D2C08850052FB58 /* Frameworks */,
				9F0909191D2C08850052FB58 /* Resources */,
				9F0909461D2FEA5D0052FB58 /* Embed Frameworks */,
				9FB63C4A1D89464100902563 /* Copy Files */,
			);
			buildRules = (
			);
			dependencies = (
				9FB63C621D894D3600902563 /* PBXTargetDependency */,
				9FB63C481D89461C00902563 /* PBXTargetDependency */,
				9FB63C681D8954F500902563 /* PBXTargetDependency */,
			);
			name = KiteRemote;
			productName = KiteRemote;
			productReference = 9F09091B1D2C08850052FB58 /* KiteRemote.app */;
			productType = "com.apple.product-type.application";
		};
/* End PBXNativeTarget section */

/* Begin PBXProject section */
		9F0909131D2C08850052FB58 /* Project object */ = {
			isa = PBXProject;
			attributes = {
				LastSwiftUpdateCheck = 0730;
				LastUpgradeCheck = 0800;
				ORGANIZATIONNAME = "Andreas Okholm";
				TargetAttributes = {
					9F09091A1D2C08850052FB58 = {
						CreatedOnToolsVersion = 7.3.1;
						DevelopmentTeam = 6SFA569UUR;
						LastSwiftMigration = 0800;
					};
				};
			};
			buildConfigurationList = 9F0909161D2C08850052FB58 /* Build configuration list for PBXProject "KiteRemote" */;
			compatibilityVersion = "Xcode 3.2";
			developmentRegion = English;
			hasScannedForEncodings = 0;
			knownRegions = (
				en,
				Base,
			);
			mainGroup = 9F0909121D2C08850052FB58;
			productRefGroup = 9F09091C1D2C08850052FB58 /* Products */;
			projectDirPath = "";
			projectReferences = (
				{
					ProductGroup = 9FB63C3F1D8945B000902563 /* Products */;
					ProjectRef = 9FB63C3E1D8945B000902563 /* GPUImage-iOS.xcodeproj */;
				},
				{
					ProductGroup = 9FB63C4D1D894CBD00902563 /* Products */;
					ProjectRef = 9FB63C4C1D894CBD00902563 /* Starscream.xcodeproj */;
				},
			);
			projectRoot = "";
			targets = (
				9F09091A1D2C08850052FB58 /* KiteRemote */,
			);
		};
/* End PBXProject section */

/* Begin PBXReferenceProxy section */
		9FB63C441D8945B000902563 /* GPUImage.framework */ = {
			isa = PBXReferenceProxy;
			fileType = wrapper.framework;
			path = GPUImage.framework;
			remoteRef = 9FB63C431D8945B000902563 /* PBXContainerItemProxy */;
			sourceTree = BUILT_PRODUCTS_DIR;
		};
		9FB63C461D8945B000902563 /* GPUImageTests.xctest */ = {
			isa = PBXReferenceProxy;
			fileType = wrapper.cfbundle;
			path = GPUImageTests.xctest;
			remoteRef = 9FB63C451D8945B000902563 /* PBXContainerItemProxy */;
			sourceTree = BUILT_PRODUCTS_DIR;
		};
		9FB63C561D894CBD00902563 /* Starscream.framework */ = {
			isa = PBXReferenceProxy;
			fileType = wrapper.framework;
			path = Starscream.framework;
			remoteRef = 9FB63C551D894CBD00902563 /* PBXContainerItemProxy */;
			sourceTree = BUILT_PRODUCTS_DIR;
		};
		9FB63C581D894CBD00902563 /* Starscream iOSTests.xctest */ = {
			isa = PBXReferenceProxy;
			fileType = wrapper.cfbundle;
			path = "Starscream iOSTests.xctest";
			remoteRef = 9FB63C571D894CBD00902563 /* PBXContainerItemProxy */;
			sourceTree = BUILT_PRODUCTS_DIR;
		};
		9FB63C5A1D894CBD00902563 /* Starscream.framework */ = {
			isa = PBXReferenceProxy;
			fileType = wrapper.framework;
			path = Starscream.framework;
			remoteRef = 9FB63C591D894CBD00902563 /* PBXContainerItemProxy */;
			sourceTree = BUILT_PRODUCTS_DIR;
		};
		9FB63C5C1D894CBD00902563 /* Starscream OSXTests.xctest */ = {
			isa = PBXReferenceProxy;
			fileType = wrapper.cfbundle;
			path = "Starscream OSXTests.xctest";
			remoteRef = 9FB63C5B1D894CBD00902563 /* PBXContainerItemProxy */;
			sourceTree = BUILT_PRODUCTS_DIR;
		};
		9FB63C5E1D894CBD00902563 /* Starscream.framework */ = {
			isa = PBXReferenceProxy;
			fileType = wrapper.framework;
			path = Starscream.framework;
			remoteRef = 9FB63C5D1D894CBD00902563 /* PBXContainerItemProxy */;
			sourceTree = BUILT_PRODUCTS_DIR;
		};
		9FB63C601D894CBD00902563 /* Starscream tvOSTests.xctest */ = {
			isa = PBXReferenceProxy;
			fileType = wrapper.cfbundle;
			path = "Starscream tvOSTests.xctest";
			remoteRef = 9FB63C5F1D894CBD00902563 /* PBXContainerItemProxy */;
			sourceTree = BUILT_PRODUCTS_DIR;
		};
/* End PBXReferenceProxy section */

/* Begin PBXResourcesBuildPhase section */
		9F0909191D2C08850052FB58 /* Resources */ = {
			isa = PBXResourcesBuildPhase;
			buildActionMask = 2147483647;
			files = (
				9F7AAB041D50CB9B0027EF3E /* ControlView.xib in Resources */,
				9F09094B1D2FF2B50052FB58 /* PositionColor.fsh in Resources */,
				9F0909291D2C08860052FB58 /* LaunchScreen.storyboard in Resources */,
				9FAFE9D71D40C48E00BC5024 /* IMG_0459.MOV in Resources */,
				9FA7779C1D7876D500C9E1F5 /* ColorTresholdShader.fsh in Resources */,
				9F0909261D2C08850052FB58 /* Assets.xcassets in Resources */,
				9F0909241D2C08850052FB58 /* Main.storyboard in Resources */,
				9FA7779A1D786E0D00C9E1F5 /* DifferenceThreshold.fsh in Resources */,
				9F09094C1D2FF2B50052FB58 /* ThresholdShader.fsh in Resources */,
			);
			runOnlyForDeploymentPostprocessing = 0;
		};
/* End PBXResourcesBuildPhase section */

/* Begin PBXSourcesBuildPhase section */
		9F0909171D2C08850052FB58 /* Sources */ = {
			isa = PBXSourcesBuildPhase;
			buildActionMask = 2147483647;
			files = (
				9F0909481D2FEF670052FB58 /* VideoProcessing.swift in Sources */,
				9F0909211D2C08850052FB58 /* AutopilotViewController.swift in Sources */,
				9FAFE9DB1D40CEE700BC5024 /* KiteRemotePageViewController.swift in Sources */,
				9F09093F1D2FE5BE0052FB58 /* BaseLink.swift in Sources */,
				9F3BBEE91D4F737B00F618D2 /* Optics.swift in Sources */,
				9F7AAB071D50CD8A0027EF3E /* ControlView.swift in Sources */,
				9FD3CBF71D87232C00DD9FFB /* VideoAuxiliary.swift in Sources */,
				9F09091F1D2C08850052FB58 /* AppDelegate.swift in Sources */,
				9F3BBEE61D4F492C00F618D2 /* VideoOverlay.swift in Sources */,
				9FAFE9DD1D40D3F100BC5024 /* ManualViewController.swift in Sources */,
			);
			runOnlyForDeploymentPostprocessing = 0;
		};
/* End PBXSourcesBuildPhase section */

/* Begin PBXTargetDependency section */
		9FB63C481D89461C00902563 /* PBXTargetDependency */ = {
			isa = PBXTargetDependency;
			name = GPUImage;
			targetProxy = 9FB63C471D89461C00902563 /* PBXContainerItemProxy */;
		};
		9FB63C621D894D3600902563 /* PBXTargetDependency */ = {
			isa = PBXTargetDependency;
			name = "Starscream iOS";
			targetProxy = 9FB63C611D894D3600902563 /* PBXContainerItemProxy */;
		};
		9FB63C681D8954F500902563 /* PBXTargetDependency */ = {
			isa = PBXTargetDependency;
			name = "Starscream iOS";
			targetProxy = 9FB63C671D8954F500902563 /* PBXContainerItemProxy */;
		};
/* End PBXTargetDependency section */

/* Begin PBXVariantGroup section */
		9F0909221D2C08850052FB58 /* Main.storyboard */ = {
			isa = PBXVariantGroup;
			children = (
				9F0909231D2C08850052FB58 /* Base */,
			);
			name = Main.storyboard;
			sourceTree = "<group>";
		};
		9F0909271D2C08860052FB58 /* LaunchScreen.storyboard */ = {
			isa = PBXVariantGroup;
			children = (
				9F0909281D2C08860052FB58 /* Base */,
			);
			name = LaunchScreen.storyboard;
			sourceTree = "<group>";
		};
/* End PBXVariantGroup section */

/* Begin XCBuildConfiguration section */
		9F09092B1D2C08860052FB58 /* Debug */ = {
			isa = XCBuildConfiguration;
			buildSettings = {
				ALWAYS_SEARCH_USER_PATHS = NO;
				CLANG_ANALYZER_NONNULL = YES;
				CLANG_CXX_LANGUAGE_STANDARD = "gnu++0x";
				CLANG_CXX_LIBRARY = "libc++";
				CLANG_ENABLE_MODULES = YES;
				CLANG_ENABLE_OBJC_ARC = YES;
				CLANG_WARN_BOOL_CONVERSION = YES;
				CLANG_WARN_CONSTANT_CONVERSION = YES;
				CLANG_WARN_DIRECT_OBJC_ISA_USAGE = YES_ERROR;
				CLANG_WARN_EMPTY_BODY = YES;
				CLANG_WARN_ENUM_CONVERSION = YES;
				CLANG_WARN_INFINITE_RECURSION = YES;
				CLANG_WARN_INT_CONVERSION = YES;
				CLANG_WARN_OBJC_ROOT_CLASS = YES_ERROR;
				CLANG_WARN_SUSPICIOUS_MOVE = YES;
				CLANG_WARN_UNREACHABLE_CODE = YES;
				CLANG_WARN__DUPLICATE_METHOD_MATCH = YES;
				"CODE_SIGN_IDENTITY[sdk=iphoneos*]" = "iPhone Developer";
				COPY_PHASE_STRIP = NO;
				DEBUG_INFORMATION_FORMAT = dwarf;
				ENABLE_STRICT_OBJC_MSGSEND = YES;
				ENABLE_TESTABILITY = YES;
				GCC_C_LANGUAGE_STANDARD = gnu99;
				GCC_DYNAMIC_NO_PIC = NO;
				GCC_NO_COMMON_BLOCKS = YES;
				GCC_OPTIMIZATION_LEVEL = 0;
				GCC_PREPROCESSOR_DEFINITIONS = (
					"DEBUG=1",
					"$(inherited)",
				);
				GCC_WARN_64_TO_32_BIT_CONVERSION = YES;
				GCC_WARN_ABOUT_RETURN_TYPE = YES_ERROR;
				GCC_WARN_UNDECLARED_SELECTOR = YES;
				GCC_WARN_UNINITIALIZED_AUTOS = YES_AGGRESSIVE;
				GCC_WARN_UNUSED_FUNCTION = YES;
				GCC_WARN_UNUSED_VARIABLE = YES;
				IPHONEOS_DEPLOYMENT_TARGET = 9.3;
				MTL_ENABLE_DEBUG_INFO = YES;
				ONLY_ACTIVE_ARCH = YES;
				SDKROOT = iphoneos;
				SWIFT_OPTIMIZATION_LEVEL = "-Onone";
			};
			name = Debug;
		};
		9F09092C1D2C08860052FB58 /* Release */ = {
			isa = XCBuildConfiguration;
			buildSettings = {
				ALWAYS_SEARCH_USER_PATHS = NO;
				CLANG_ANALYZER_NONNULL = YES;
				CLANG_CXX_LANGUAGE_STANDARD = "gnu++0x";
				CLANG_CXX_LIBRARY = "libc++";
				CLANG_ENABLE_MODULES = YES;
				CLANG_ENABLE_OBJC_ARC = YES;
				CLANG_WARN_BOOL_CONVERSION = YES;
				CLANG_WARN_CONSTANT_CONVERSION = YES;
				CLANG_WARN_DIRECT_OBJC_ISA_USAGE = YES_ERROR;
				CLANG_WARN_EMPTY_BODY = YES;
				CLANG_WARN_ENUM_CONVERSION = YES;
				CLANG_WARN_INFINITE_RECURSION = YES;
				CLANG_WARN_INT_CONVERSION = YES;
				CLANG_WARN_OBJC_ROOT_CLASS = YES_ERROR;
				CLANG_WARN_SUSPICIOUS_MOVE = YES;
				CLANG_WARN_UNREACHABLE_CODE = YES;
				CLANG_WARN__DUPLICATE_METHOD_MATCH = YES;
				"CODE_SIGN_IDENTITY[sdk=iphoneos*]" = "iPhone Developer";
				COPY_PHASE_STRIP = NO;
				DEBUG_INFORMATION_FORMAT = "dwarf-with-dsym";
				ENABLE_NS_ASSERTIONS = NO;
				ENABLE_STRICT_OBJC_MSGSEND = YES;
				GCC_C_LANGUAGE_STANDARD = gnu99;
				GCC_NO_COMMON_BLOCKS = YES;
				GCC_WARN_64_TO_32_BIT_CONVERSION = YES;
				GCC_WARN_ABOUT_RETURN_TYPE = YES_ERROR;
				GCC_WARN_UNDECLARED_SELECTOR = YES;
				GCC_WARN_UNINITIALIZED_AUTOS = YES_AGGRESSIVE;
				GCC_WARN_UNUSED_FUNCTION = YES;
				GCC_WARN_UNUSED_VARIABLE = YES;
				IPHONEOS_DEPLOYMENT_TARGET = 9.3;
				MTL_ENABLE_DEBUG_INFO = NO;
				SDKROOT = iphoneos;
				SWIFT_OPTIMIZATION_LEVEL = "-Owholemodule";
				VALIDATE_PRODUCT = YES;
			};
			name = Release;
		};
		9F09092E1D2C08860052FB58 /* Debug */ = {
			isa = XCBuildConfiguration;
			buildSettings = {
				ALWAYS_EMBED_SWIFT_STANDARD_LIBRARIES = YES;
				ASSETCATALOG_COMPILER_APPICON_NAME = AppIcon;
				DEVELOPMENT_TEAM = 6SFA569UUR;
				FRAMEWORK_SEARCH_PATHS = (
					"$(inherited)",
					"$(PROJECT_DIR)/Carthage/Build/iOS",
				);
				INFOPLIST_FILE = KiteRemote/Info.plist;
				LD_RUNPATH_SEARCH_PATHS = "$(inherited) @executable_path/Frameworks";
				PRODUCT_BUNDLE_IDENTIFIER = dk.aokholm.KiteRemote;
				PRODUCT_NAME = "$(TARGET_NAME)";
				SWIFT_VERSION = 3.0;
			};
			name = Debug;
		};
		9F09092F1D2C08860052FB58 /* Release */ = {
			isa = XCBuildConfiguration;
			buildSettings = {
				ALWAYS_EMBED_SWIFT_STANDARD_LIBRARIES = YES;
				ASSETCATALOG_COMPILER_APPICON_NAME = AppIcon;
				DEVELOPMENT_TEAM = 6SFA569UUR;
				FRAMEWORK_SEARCH_PATHS = (
					"$(inherited)",
					"$(PROJECT_DIR)/Carthage/Build/iOS",
				);
				INFOPLIST_FILE = KiteRemote/Info.plist;
				LD_RUNPATH_SEARCH_PATHS = "$(inherited) @executable_path/Frameworks";
				PRODUCT_BUNDLE_IDENTIFIER = dk.aokholm.KiteRemote;
				PRODUCT_NAME = "$(TARGET_NAME)";
				SWIFT_VERSION = 3.0;
			};
			name = Release;
		};
/* End XCBuildConfiguration section */

/* Begin XCConfigurationList section */
		9F0909161D2C08850052FB58 /* Build configuration list for PBXProject "KiteRemote" */ = {
			isa = XCConfigurationList;
			buildConfigurations = (
				9F09092B1D2C08860052FB58 /* Debug */,
				9F09092C1D2C08860052FB58 /* Release */,
			);
			defaultConfigurationIsVisible = 0;
			defaultConfigurationName = Release;
		};
		9F09092D1D2C08860052FB58 /* Build configuration list for PBXNativeTarget "KiteRemote" */ = {
			isa = XCConfigurationList;
			buildConfigurations = (
				9F09092E1D2C08860052FB58 /* Debug */,
				9F09092F1D2C08860052FB58 /* Release */,
			);
			defaultConfigurationIsVisible = 0;
			defaultConfigurationName = Release;
		};
/* End XCConfigurationList section */
	};
	rootObject = 9F0909131D2C08850052FB58 /* Project object */;
}
