// !$*UTF8*$!
{
	archiveVersion = 1;
	classes = {
	};
	objectVersion = 46;
	objects = {

/* Begin PBXBuildFile section */
		9F09091F1D2C08850052FB58 /* AppDelegate.swift in Sources */ = {isa = PBXBuildFile; fileRef = 9F09091E1D2C08850052FB58 /* AppDelegate.swift */; };
		9F0909211D2C08850052FB58 /* AutopilotViewController.swift in Sources */ = {isa = PBXBuildFile; fileRef = 9F0909201D2C08850052FB58 /* AutopilotViewController.swift */; };
		9F0909241D2C08850052FB58 /* Main.storyboard in Resources */ = {isa = PBXBuildFile; fileRef = 9F0909221D2C08850052FB58 /* Main.storyboard */; };
		9F0909261D2C08850052FB58 /* Assets.xcassets in Resources */ = {isa = PBXBuildFile; fileRef = 9F0909251D2C08850052FB58 /* Assets.xcassets */; };
		9F0909291D2C08860052FB58 /* LaunchScreen.storyboard in Resources */ = {isa = PBXBuildFile; fileRef = 9F0909271D2C08860052FB58 /* LaunchScreen.storyboard */; };
		9F0909311D2D26FA0052FB58 /* Starscream.framework in Frameworks */ = {isa = PBXBuildFile; fileRef = 9F0909301D2D26F90052FB58 /* Starscream.framework */; };
		9F09093F1D2FE5BE0052FB58 /* RemoteBase.swift in Sources */ = {isa = PBXBuildFile; fileRef = 9F09093E1D2FE5BE0052FB58 /* RemoteBase.swift */; };
		9F0909421D2FEA5D0052FB58 /* GPUImage.framework in Frameworks */ = {isa = PBXBuildFile; fileRef = 9F0909391D2FE4AE0052FB58 /* GPUImage.framework */; };
		9F0909431D2FEA5D0052FB58 /* GPUImage.framework in Embed Frameworks */ = {isa = PBXBuildFile; fileRef = 9F0909391D2FE4AE0052FB58 /* GPUImage.framework */; settings = {ATTRIBUTES = (CodeSignOnCopy, RemoveHeadersOnCopy, ); }; };
		9F0909481D2FEF670052FB58 /* VideoProcessing.swift in Sources */ = {isa = PBXBuildFile; fileRef = 9F0909471D2FEF670052FB58 /* VideoProcessing.swift */; };
		9F09094B1D2FF2B50052FB58 /* PositionColor.fsh in Resources */ = {isa = PBXBuildFile; fileRef = 9F0909491D2FF2B50052FB58 /* PositionColor.fsh */; };
		9F09094C1D2FF2B50052FB58 /* ThresholdShader.fsh in Resources */ = {isa = PBXBuildFile; fileRef = 9F09094A1D2FF2B50052FB58 /* ThresholdShader.fsh */; };
		9F3BBEE61D4F492C00F618D2 /* VideoOverlay.swift in Sources */ = {isa = PBXBuildFile; fileRef = 9F3BBEE51D4F492C00F618D2 /* VideoOverlay.swift */; };
		9F3BBEE91D4F737B00F618D2 /* Optics.swift in Sources */ = {isa = PBXBuildFile; fileRef = 9F3BBEE81D4F737B00F618D2 /* Optics.swift */; };
		9F6172101D33BB7D0092ADEE /* KitePosition.swift in Sources */ = {isa = PBXBuildFile; fileRef = 9F61720F1D33BB7C0092ADEE /* KitePosition.swift */; };
		9FAFE9D71D40C48E00BC5024 /* IMG_0459.MOV in Resources */ = {isa = PBXBuildFile; fileRef = 9FAFE9D61D40C48E00BC5024 /* IMG_0459.MOV */; };
		9FAFE9DB1D40CEE700BC5024 /* KiteRemotePageViewController.swift in Sources */ = {isa = PBXBuildFile; fileRef = 9FAFE9DA1D40CEE700BC5024 /* KiteRemotePageViewController.swift */; };
		9FAFE9DD1D40D3F100BC5024 /* ManualViewController.swift in Sources */ = {isa = PBXBuildFile; fileRef = 9FAFE9DC1D40D3F100BC5024 /* ManualViewController.swift */; };
		9FAFE9DF1D411D3B00BC5024 /* Network.swift in Sources */ = {isa = PBXBuildFile; fileRef = 9FAFE9DE1D411D3B00BC5024 /* Network.swift */; };
/* End PBXBuildFile section */

/* Begin PBXContainerItemProxy section */
		9F0909381D2FE4AE0052FB58 /* PBXContainerItemProxy */ = {
			isa = PBXContainerItemProxy;
			containerPortal = 9F0909331D2FE4AD0052FB58 /* GPUImage-iOS.xcodeproj */;
			proxyType = 2;
			remoteGlobalIDString = BCD1B1251C66A262001F2BDC;
			remoteInfo = GPUImage;
		};
		9F09093A1D2FE4AE0052FB58 /* PBXContainerItemProxy */ = {
			isa = PBXContainerItemProxy;
			containerPortal = 9F0909331D2FE4AD0052FB58 /* GPUImage-iOS.xcodeproj */;
			proxyType = 2;
			remoteGlobalIDString = BCD1B12F1C66A262001F2BDC;
			remoteInfo = GPUImageTests;
		};
		9F09093C1D2FE4CD0052FB58 /* PBXContainerItemProxy */ = {
			isa = PBXContainerItemProxy;
			containerPortal = 9F0909331D2FE4AD0052FB58 /* GPUImage-iOS.xcodeproj */;
			proxyType = 1;
			remoteGlobalIDString = BCD1B1241C66A262001F2BDC;
			remoteInfo = GPUImage;
		};
		9F0909441D2FEA5D0052FB58 /* PBXContainerItemProxy */ = {
			isa = PBXContainerItemProxy;
			containerPortal = 9F0909331D2FE4AD0052FB58 /* GPUImage-iOS.xcodeproj */;
			proxyType = 1;
			remoteGlobalIDString = BCD1B1241C66A262001F2BDC;
			remoteInfo = GPUImage;
		};
/* End PBXContainerItemProxy section */

/* Begin PBXCopyFilesBuildPhase section */
		9F0909461D2FEA5D0052FB58 /* Embed Frameworks */ = {
			isa = PBXCopyFilesBuildPhase;
			buildActionMask = 2147483647;
			dstPath = "";
			dstSubfolderSpec = 10;
			files = (
				9F0909431D2FEA5D0052FB58 /* GPUImage.framework in Embed Frameworks */,
			);
			name = "Embed Frameworks";
			runOnlyForDeploymentPostprocessing = 0;
		};
/* End PBXCopyFilesBuildPhase section */

/* Begin PBXFileReference section */
		9F09091B1D2C08850052FB58 /* KiteRemote.app */ = {isa = PBXFileReference; explicitFileType = wrapper.application; includeInIndex = 0; path = KiteRemote.app; sourceTree = BUILT_PRODUCTS_DIR; };
		9F09091E1D2C08850052FB58 /* AppDelegate.swift */ = {isa = PBXFileReference; lastKnownFileType = sourcecode.swift; path = AppDelegate.swift; sourceTree = "<group>"; };
		9F0909201D2C08850052FB58 /* AutopilotViewController.swift */ = {isa = PBXFileReference; lastKnownFileType = sourcecode.swift; path = AutopilotViewController.swift; sourceTree = "<group>"; };
		9F0909231D2C08850052FB58 /* Base */ = {isa = PBXFileReference; lastKnownFileType = file.storyboard; name = Base; path = Base.lproj/Main.storyboard; sourceTree = "<group>"; };
		9F0909251D2C08850052FB58 /* Assets.xcassets */ = {isa = PBXFileReference; lastKnownFileType = folder.assetcatalog; path = Assets.xcassets; sourceTree = "<group>"; };
		9F0909281D2C08860052FB58 /* Base */ = {isa = PBXFileReference; lastKnownFileType = file.storyboard; name = Base; path = Base.lproj/LaunchScreen.storyboard; sourceTree = "<group>"; };
		9F09092A1D2C08860052FB58 /* Info.plist */ = {isa = PBXFileReference; lastKnownFileType = text.plist.xml; path = Info.plist; sourceTree = "<group>"; };
		9F0909301D2D26F90052FB58 /* Starscream.framework */ = {isa = PBXFileReference; lastKnownFileType = wrapper.framework; name = Starscream.framework; path = Carthage/Build/iOS/Starscream.framework; sourceTree = "<group>"; };
		9F0909331D2FE4AD0052FB58 /* GPUImage-iOS.xcodeproj */ = {isa = PBXFileReference; lastKnownFileType = "wrapper.pb-project"; name = "GPUImage-iOS.xcodeproj"; path = "GPUImage2/framework/GPUImage-iOS.xcodeproj"; sourceTree = "<group>"; };
		9F09093E1D2FE5BE0052FB58 /* RemoteBase.swift */ = {isa = PBXFileReference; fileEncoding = 4; lastKnownFileType = sourcecode.swift; path = RemoteBase.swift; sourceTree = "<group>"; };
		9F0909471D2FEF670052FB58 /* VideoProcessing.swift */ = {isa = PBXFileReference; fileEncoding = 4; lastKnownFileType = sourcecode.swift; path = VideoProcessing.swift; sourceTree = "<group>"; };
		9F0909491D2FF2B50052FB58 /* PositionColor.fsh */ = {isa = PBXFileReference; fileEncoding = 4; lastKnownFileType = sourcecode.glsl; path = PositionColor.fsh; sourceTree = "<group>"; };
		9F09094A1D2FF2B50052FB58 /* ThresholdShader.fsh */ = {isa = PBXFileReference; fileEncoding = 4; lastKnownFileType = sourcecode.glsl; path = ThresholdShader.fsh; sourceTree = "<group>"; };
		9F3BBEE51D4F492C00F618D2 /* VideoOverlay.swift */ = {isa = PBXFileReference; fileEncoding = 4; lastKnownFileType = sourcecode.swift; path = VideoOverlay.swift; sourceTree = "<group>"; };
		9F3BBEE81D4F737B00F618D2 /* Optics.swift */ = {isa = PBXFileReference; fileEncoding = 4; lastKnownFileType = sourcecode.swift; path = Optics.swift; sourceTree = "<group>"; };
		9F61720F1D33BB7C0092ADEE /* KitePosition.swift */ = {isa = PBXFileReference; fileEncoding = 4; lastKnownFileType = sourcecode.swift; path = KitePosition.swift; sourceTree = "<group>"; };
		9FAFE9D61D40C48E00BC5024 /* IMG_0459.MOV */ = {isa = PBXFileReference; lastKnownFileType = video.quicktime; path = IMG_0459.MOV; sourceTree = "<group>"; };
		9FAFE9DA1D40CEE700BC5024 /* KiteRemotePageViewController.swift */ = {isa = PBXFileReference; fileEncoding = 4; lastKnownFileType = sourcecode.swift; path = KiteRemotePageViewController.swift; sourceTree = "<group>"; };
		9FAFE9DC1D40D3F100BC5024 /* ManualViewController.swift */ = {isa = PBXFileReference; fileEncoding = 4; lastKnownFileType = sourcecode.swift; path = ManualViewController.swift; sourceTree = "<group>"; };
		9FAFE9DE1D411D3B00BC5024 /* Network.swift */ = {isa = PBXFileReference; fileEncoding = 4; lastKnownFileType = sourcecode.swift; path = Network.swift; sourceTree = "<group>"; };
/* End PBXFileReference section */

/* Begin PBXFrameworksBuildPhase section */
		9F0909181D2C08850052FB58 /* Frameworks */ = {
			isa = PBXFrameworksBuildPhase;
			buildActionMask = 2147483647;
			files = (
				9F0909311D2D26FA0052FB58 /* Starscream.framework in Frameworks */,
				9F0909421D2FEA5D0052FB58 /* GPUImage.framework in Frameworks */,
			);
			runOnlyForDeploymentPostprocessing = 0;
		};
/* End PBXFrameworksBuildPhase section */

/* Begin PBXGroup section */
		9F0909121D2C08850052FB58 = {
			isa = PBXGroup;
			children = (
				9F0909331D2FE4AD0052FB58 /* GPUImage-iOS.xcodeproj */,
				9F0909301D2D26F90052FB58 /* Starscream.framework */,
				9F09091D1D2C08850052FB58 /* KiteRemote */,
				9F09091C1D2C08850052FB58 /* Products */,
			);
			sourceTree = "<group>";
		};
		9F09091C1D2C08850052FB58 /* Products */ = {
			isa = PBXGroup;
			children = (
				9F09091B1D2C08850052FB58 /* KiteRemote.app */,
			);
			name = Products;
			sourceTree = "<group>";
		};
		9F09091D1D2C08850052FB58 /* KiteRemote */ = {
			isa = PBXGroup;
			children = (
				9FAFE9D91D40C49600BC5024 /* Movies */,
				9F09094D1D2FF2BC0052FB58 /* Shaders */,
				9F09091E1D2C08850052FB58 /* AppDelegate.swift */,
				9F0909201D2C08850052FB58 /* AutopilotViewController.swift */,
				9FAFE9DC1D40D3F100BC5024 /* ManualViewController.swift */,
				9F0909221D2C08850052FB58 /* Main.storyboard */,
				9FAFE9DA1D40CEE700BC5024 /* KiteRemotePageViewController.swift */,
				9F0909251D2C08850052FB58 /* Assets.xcassets */,
				9F0909271D2C08860052FB58 /* LaunchScreen.storyboard */,
				9F09092A1D2C08860052FB58 /* Info.plist */,
				9F09093E1D2FE5BE0052FB58 /* RemoteBase.swift */,
				9F0909471D2FEF670052FB58 /* VideoProcessing.swift */,
				9F61720F1D33BB7C0092ADEE /* KitePosition.swift */,
				9FAFE9DE1D411D3B00BC5024 /* Network.swift */,
				9F3BBEE51D4F492C00F618D2 /* VideoOverlay.swift */,
				9F3BBEE81D4F737B00F618D2 /* Optics.swift */,
			);
			path = KiteRemote;
			sourceTree = "<group>";
		};
		9F0909341D2FE4AD0052FB58 /* Products */ = {
			isa = PBXGroup;
			children = (
				9F0909391D2FE4AE0052FB58 /* GPUImage.framework */,
				9F09093B1D2FE4AE0052FB58 /* GPUImageTests.xctest */,
			);
			name = Products;
			sourceTree = "<group>";
		};
		9F09094D1D2FF2BC0052FB58 /* Shaders */ = {
			isa = PBXGroup;
			children = (
				9F0909491D2FF2B50052FB58 /* PositionColor.fsh */,
				9F09094A1D2FF2B50052FB58 /* ThresholdShader.fsh */,
			);
			name = Shaders;
			sourceTree = "<group>";
		};
		9FAFE9D91D40C49600BC5024 /* Movies */ = {
			isa = PBXGroup;
			children = (
				9FAFE9D61D40C48E00BC5024 /* IMG_0459.MOV */,
			);
			name = Movies;
			sourceTree = "<group>";
		};
/* End PBXGroup section */

/* Begin PBXNativeTarget section */
		9F09091A1D2C08850052FB58 /* KiteRemote */ = {
			isa = PBXNativeTarget;
			buildConfigurationList = 9F09092D1D2C08860052FB58 /* Build configuration list for PBXNativeTarget "KiteRemote" */;
			buildPhases = (
				9F0909171D2C08850052FB58 /* Sources */,
				9F0909181D2C08850052FB58 /* Frameworks */,
				9F0909191D2C08850052FB58 /* Resources */,
				9F0909321D2D271F0052FB58 /* ShellScript */,
				9F0909461D2FEA5D0052FB58 /* Embed Frameworks */,
			);
			buildRules = (
			);
			dependencies = (
				9F09093D1D2FE4CD0052FB58 /* PBXTargetDependency */,
				9F0909451D2FEA5D0052FB58 /* PBXTargetDependency */,
			);
			name = KiteRemote;
			productName = KiteRemote;
			productReference = 9F09091B1D2C08850052FB58 /* KiteRemote.app */;
			productType = "com.apple.product-type.application";
		};
/* End PBXNativeTarget section */

/* Begin PBXProject section */
		9F0909131D2C08850052FB58 /* Project object */ = {
			isa = PBXProject;
			attributes = {
				LastSwiftUpdateCheck = 0730;
				LastUpgradeCheck = 0730;
				ORGANIZATIONNAME = "Andreas Okholm";
				TargetAttributes = {
					9F09091A1D2C08850052FB58 = {
						CreatedOnToolsVersion = 7.3.1;
					};
				};
			};
			buildConfigurationList = 9F0909161D2C08850052FB58 /* Build configuration list for PBXProject "KiteRemote" */;
			compatibilityVersion = "Xcode 3.2";
			developmentRegion = English;
			hasScannedForEncodings = 0;
			knownRegions = (
				en,
				Base,
			);
			mainGroup = 9F0909121D2C08850052FB58;
			productRefGroup = 9F09091C1D2C08850052FB58 /* Products */;
			projectDirPath = "";
			projectReferences = (
				{
					ProductGroup = 9F0909341D2FE4AD0052FB58 /* Products */;
					ProjectRef = 9F0909331D2FE4AD0052FB58 /* GPUImage-iOS.xcodeproj */;
				},
			);
			projectRoot = "";
			targets = (
				9F09091A1D2C08850052FB58 /* KiteRemote */,
			);
		};
/* End PBXProject section */

/* Begin PBXReferenceProxy section */
		9F0909391D2FE4AE0052FB58 /* GPUImage.framework */ = {
			isa = PBXReferenceProxy;
			fileType = wrapper.framework;
			path = GPUImage.framework;
			remoteRef = 9F0909381D2FE4AE0052FB58 /* PBXContainerItemProxy */;
			sourceTree = BUILT_PRODUCTS_DIR;
		};
		9F09093B1D2FE4AE0052FB58 /* GPUImageTests.xctest */ = {
			isa = PBXReferenceProxy;
			fileType = wrapper.cfbundle;
			path = GPUImageTests.xctest;
			remoteRef = 9F09093A1D2FE4AE0052FB58 /* PBXContainerItemProxy */;
			sourceTree = BUILT_PRODUCTS_DIR;
		};
/* End PBXReferenceProxy section */

/* Begin PBXResourcesBuildPhase section */
		9F0909191D2C08850052FB58 /* Resources */ = {
			isa = PBXResourcesBuildPhase;
			buildActionMask = 2147483647;
			files = (
				9F09094B1D2FF2B50052FB58 /* PositionColor.fsh in Resources */,
				9F0909291D2C08860052FB58 /* LaunchScreen.storyboard in Resources */,
				9FAFE9D71D40C48E00BC5024 /* IMG_0459.MOV in Resources */,
				9F0909261D2C08850052FB58 /* Assets.xcassets in Resources */,
				9F0909241D2C08850052FB58 /* Main.storyboard in Resources */,
				9F09094C1D2FF2B50052FB58 /* ThresholdShader.fsh in Resources */,
			);
			runOnlyForDeploymentPostprocessing = 0;
		};
/* End PBXResourcesBuildPhase section */

/* Begin PBXShellScriptBuildPhase section */
		9F0909321D2D271F0052FB58 /* ShellScript */ = {
			isa = PBXShellScriptBuildPhase;
			buildActionMask = 2147483647;
			files = (
			);
			inputPaths = (
				"$(SRCROOT)/Carthage/Build/iOS/Starscream.framework",
			);
			outputPaths = (
			);
			runOnlyForDeploymentPostprocessing = 0;
			shellPath = /bin/sh;
			shellScript = "/usr/local/bin/carthage copy-frameworks";
		};
/* End PBXShellScriptBuildPhase section */

/* Begin PBXSourcesBuildPhase section */
		9F0909171D2C08850052FB58 /* Sources */ = {
			isa = PBXSourcesBuildPhase;
			buildActionMask = 2147483647;
			files = (
				9F0909481D2FEF670052FB58 /* VideoProcessing.swift in Sources */,
				9F0909211D2C08850052FB58 /* AutopilotViewController.swift in Sources */,
				9FAFE9DF1D411D3B00BC5024 /* Network.swift in Sources */,
				9FAFE9DB1D40CEE700BC5024 /* KiteRemotePageViewController.swift in Sources */,
				9F09093F1D2FE5BE0052FB58 /* RemoteBase.swift in Sources */,
				9F3BBEE91D4F737B00F618D2 /* Optics.swift in Sources */,
				9F09091F1D2C08850052FB58 /* AppDelegate.swift in Sources */,
				9F3BBEE61D4F492C00F618D2 /* VideoOverlay.swift in Sources */,
				9FAFE9DD1D40D3F100BC5024 /* ManualViewController.swift in Sources */,
				9F6172101D33BB7D0092ADEE /* KitePosition.swift in Sources */,
			);
			runOnlyForDeploymentPostprocessing = 0;
		};
/* End PBXSourcesBuildPhase section */

/* Begin PBXTargetDependency section */
		9F09093D1D2FE4CD0052FB58 /* PBXTargetDependency */ = {
			isa = PBXTargetDependency;
			name = GPUImage;
			targetProxy = 9F09093C1D2FE4CD0052FB58 /* PBXContainerItemProxy */;
		};
		9F0909451D2FEA5D0052FB58 /* PBXTargetDependency */ = {
			isa = PBXTargetDependency;
			name = GPUImage;
			targetProxy = 9F0909441D2FEA5D0052FB58 /* PBXContainerItemProxy */;
		};
/* End PBXTargetDependency section */

/* Begin PBXVariantGroup section */
		9F0909221D2C08850052FB58 /* Main.storyboard */ = {
			isa = PBXVariantGroup;
			children = (
				9F0909231D2C08850052FB58 /* Base */,
			);
			name = Main.storyboard;
			sourceTree = "<group>";
		};
		9F0909271D2C08860052FB58 /* LaunchScreen.storyboard */ = {
			isa = PBXVariantGroup;
			children = (
				9F0909281D2C08860052FB58 /* Base */,
			);
			name = LaunchScreen.storyboard;
			sourceTree = "<group>";
		};
/* End PBXVariantGroup section */

/* Begin XCBuildConfiguration section */
		9F09092B1D2C08860052FB58 /* Debug */ = {
			isa = XCBuildConfiguration;
			buildSettings = {
				ALWAYS_SEARCH_USER_PATHS = NO;
				CLANG_ANALYZER_NONNULL = YES;
				CLANG_CXX_LANGUAGE_STANDARD = "gnu++0x";
				CLANG_CXX_LIBRARY = "libc++";
				CLANG_ENABLE_MODULES = YES;
				CLANG_ENABLE_OBJC_ARC = YES;
				CLANG_WARN_BOOL_CONVERSION = YES;
				CLANG_WARN_CONSTANT_CONVERSION = YES;
				CLANG_WARN_DIRECT_OBJC_ISA_USAGE = YES_ERROR;
				CLANG_WARN_EMPTY_BODY = YES;
				CLANG_WARN_ENUM_CONVERSION = YES;
				CLANG_WARN_INT_CONVERSION = YES;
				CLANG_WARN_OBJC_ROOT_CLASS = YES_ERROR;
				CLANG_WARN_UNREACHABLE_CODE = YES;
				CLANG_WARN__DUPLICATE_METHOD_MATCH = YES;
				"CODE_SIGN_IDENTITY[sdk=iphoneos*]" = "iPhone Developer";
				COPY_PHASE_STRIP = NO;
				DEBUG_INFORMATION_FORMAT = dwarf;
				ENABLE_STRICT_OBJC_MSGSEND = YES;
				ENABLE_TESTABILITY = YES;
				GCC_C_LANGUAGE_STANDARD = gnu99;
				GCC_DYNAMIC_NO_PIC = NO;
				GCC_NO_COMMON_BLOCKS = YES;
				GCC_OPTIMIZATION_LEVEL = 0;
				GCC_PREPROCESSOR_DEFINITIONS = (
					"DEBUG=1",
					"$(inherited)",
				);
				GCC_WARN_64_TO_32_BIT_CONVERSION = YES;
				GCC_WARN_ABOUT_RETURN_TYPE = YES_ERROR;
				GCC_WARN_UNDECLARED_SELECTOR = YES;
				GCC_WARN_UNINITIALIZED_AUTOS = YES_AGGRESSIVE;
				GCC_WARN_UNUSED_FUNCTION = YES;
				GCC_WARN_UNUSED_VARIABLE = YES;
				IPHONEOS_DEPLOYMENT_TARGET = 9.3;
				MTL_ENABLE_DEBUG_INFO = YES;
				ONLY_ACTIVE_ARCH = YES;
				SDKROOT = iphoneos;
				SWIFT_OPTIMIZATION_LEVEL = "-Onone";
			};
			name = Debug;
		};
		9F09092C1D2C08860052FB58 /* Release */ = {
			isa = XCBuildConfiguration;
			buildSettings = {
				ALWAYS_SEARCH_USER_PATHS = NO;
				CLANG_ANALYZER_NONNULL = YES;
				CLANG_CXX_LANGUAGE_STANDARD = "gnu++0x";
				CLANG_CXX_LIBRARY = "libc++";
				CLANG_ENABLE_MODULES = YES;
				CLANG_ENABLE_OBJC_ARC = YES;
				CLANG_WARN_BOOL_CONVERSION = YES;
				CLANG_WARN_CONSTANT_CONVERSION = YES;
				CLANG_WARN_DIRECT_OBJC_ISA_USAGE = YES_ERROR;
				CLANG_WARN_EMPTY_BODY = YES;
				CLANG_WARN_ENUM_CONVERSION = YES;
				CLANG_WARN_INT_CONVERSION = YES;
				CLANG_WARN_OBJC_ROOT_CLASS = YES_ERROR;
				CLANG_WARN_UNREACHABLE_CODE = YES;
				CLANG_WARN__DUPLICATE_METHOD_MATCH = YES;
				"CODE_SIGN_IDENTITY[sdk=iphoneos*]" = "iPhone Developer";
				COPY_PHASE_STRIP = NO;
				DEBUG_INFORMATION_FORMAT = "dwarf-with-dsym";
				ENABLE_NS_ASSERTIONS = NO;
				ENABLE_STRICT_OBJC_MSGSEND = YES;
				GCC_C_LANGUAGE_STANDARD = gnu99;
				GCC_NO_COMMON_BLOCKS = YES;
				GCC_WARN_64_TO_32_BIT_CONVERSION = YES;
				GCC_WARN_ABOUT_RETURN_TYPE = YES_ERROR;
				GCC_WARN_UNDECLARED_SELECTOR = YES;
				GCC_WARN_UNINITIALIZED_AUTOS = YES_AGGRESSIVE;
				GCC_WARN_UNUSED_FUNCTION = YES;
				GCC_WARN_UNUSED_VARIABLE = YES;
				IPHONEOS_DEPLOYMENT_TARGET = 9.3;
				MTL_ENABLE_DEBUG_INFO = NO;
				SDKROOT = iphoneos;
				VALIDATE_PRODUCT = YES;
			};
			name = Release;
		};
		9F09092E1D2C08860052FB58 /* Debug */ = {
			isa = XCBuildConfiguration;
			buildSettings = {
				ASSETCATALOG_COMPILER_APPICON_NAME = AppIcon;
				EMBEDDED_CONTENT_CONTAINS_SWIFT = YES;
				FRAMEWORK_SEARCH_PATHS = (
					"$(inherited)",
					"$(PROJECT_DIR)/Carthage/Build/iOS",
				);
				INFOPLIST_FILE = KiteRemote/Info.plist;
				LD_RUNPATH_SEARCH_PATHS = "$(inherited) @executable_path/Frameworks";
				PRODUCT_BUNDLE_IDENTIFIER = dk.aokholm.KiteRemote;
				PRODUCT_NAME = "$(TARGET_NAME)";
			};
			name = Debug;
		};
		9F09092F1D2C08860052FB58 /* Release */ = {
			isa = XCBuildConfiguration;
			buildSettings = {
				ASSETCATALOG_COMPILER_APPICON_NAME = AppIcon;
				EMBEDDED_CONTENT_CONTAINS_SWIFT = YES;
				FRAMEWORK_SEARCH_PATHS = (
					"$(inherited)",
					"$(PROJECT_DIR)/Carthage/Build/iOS",
				);
				INFOPLIST_FILE = KiteRemote/Info.plist;
				LD_RUNPATH_SEARCH_PATHS = "$(inherited) @executable_path/Frameworks";
				PRODUCT_BUNDLE_IDENTIFIER = dk.aokholm.KiteRemote;
				PRODUCT_NAME = "$(TARGET_NAME)";
			};
			name = Release;
		};
/* End XCBuildConfiguration section */

/* Begin XCConfigurationList section */
		9F0909161D2C08850052FB58 /* Build configuration list for PBXProject "KiteRemote" */ = {
			isa = XCConfigurationList;
			buildConfigurations = (
				9F09092B1D2C08860052FB58 /* Debug */,
				9F09092C1D2C08860052FB58 /* Release */,
			);
			defaultConfigurationIsVisible = 0;
			defaultConfigurationName = Release;
		};
		9F09092D1D2C08860052FB58 /* Build configuration list for PBXNativeTarget "KiteRemote" */ = {
			isa = XCConfigurationList;
			buildConfigurations = (
				9F09092E1D2C08860052FB58 /* Debug */,
				9F09092F1D2C08860052FB58 /* Release */,
			);
			defaultConfigurationIsVisible = 0;
			defaultConfigurationName = Release;
		};
/* End XCConfigurationList section */
	};
	rootObject = 9F0909131D2C08850052FB58 /* Project object */;
}
